// !$*UTF8*$!
{
	archiveVersion = 1;
	classes = {
	};
	objectVersion = 48;
	objects = {

/* Begin PBXBuildFile section */
		BDD746DF2155B5F100A2997F /* AppDelegate.swift in Sources */ = {isa = PBXBuildFile; fileRef = BDD746DE2155B5F100A2997F /* AppDelegate.swift */; };
		BDD746E12155B5F100A2997F /* ViewController.swift in Sources */ = {isa = PBXBuildFile; fileRef = BDD746E02155B5F100A2997F /* ViewController.swift */; };
		BDD746E42155B5F100A2997F /* Main.storyboard in Resources */ = {isa = PBXBuildFile; fileRef = BDD746E22155B5F100A2997F /* Main.storyboard */; };
		BDD746E62155B5F100A2997F /* Assets.xcassets in Resources */ = {isa = PBXBuildFile; fileRef = BDD746E52155B5F100A2997F /* Assets.xcassets */; };
		BDD746E92155B5F100A2997F /* LaunchScreen.storyboard in Resources */ = {isa = PBXBuildFile; fileRef = BDD746E72155B5F100A2997F /* LaunchScreen.storyboard */; };
		BDD746F42155B5F100A2997F /* ParseChatTests.swift in Sources */ = {isa = PBXBuildFile; fileRef = BDD746F32155B5F100A2997F /* ParseChatTests.swift */; };
		BDD746FF2155B5F100A2997F /* ParseChatUITests.swift in Sources */ = {isa = PBXBuildFile; fileRef = BDD746FE2155B5F100A2997F /* ParseChatUITests.swift */; };
/* End PBXBuildFile section */

/* Begin PBXContainerItemProxy section */
		BDD746F02155B5F100A2997F /* PBXContainerItemProxy */ = {
			isa = PBXContainerItemProxy;
			containerPortal = BDD746D32155B5F100A2997F /* Project object */;
			proxyType = 1;
			remoteGlobalIDString = BDD746DA2155B5F100A2997F;
			remoteInfo = ParseChat;
		};
		BDD746FB2155B5F100A2997F /* PBXContainerItemProxy */ = {
			isa = PBXContainerItemProxy;
			containerPortal = BDD746D32155B5F100A2997F /* Project object */;
			proxyType = 1;
			remoteGlobalIDString = BDD746DA2155B5F100A2997F;
			remoteInfo = ParseChat;
		};
/* End PBXContainerItemProxy section */

/* Begin PBXFileReference section */
		BDD746DB2155B5F100A2997F /* ParseChat.app */ = {isa = PBXFileReference; explicitFileType = wrapper.application; includeInIndex = 0; path = ParseChat.app; sourceTree = BUILT_PRODUCTS_DIR; };
		BDD746DE2155B5F100A2997F /* AppDelegate.swift */ = {isa = PBXFileReference; lastKnownFileType = sourcecode.swift; path = AppDelegate.swift; sourceTree = "<group>"; };
		BDD746E02155B5F100A2997F /* ViewController.swift */ = {isa = PBXFileReference; lastKnownFileType = sourcecode.swift; path = ViewController.swift; sourceTree = "<group>"; };
		BDD746E32155B5F100A2997F /* Base */ = {isa = PBXFileReference; lastKnownFileType = file.storyboard; name = Base; path = Base.lproj/Main.storyboard; sourceTree = "<group>"; };
		BDD746E52155B5F100A2997F /* Assets.xcassets */ = {isa = PBXFileReference; lastKnownFileType = folder.assetcatalog; path = Assets.xcassets; sourceTree = "<group>"; };
		BDD746E82155B5F100A2997F /* Base */ = {isa = PBXFileReference; lastKnownFileType = file.storyboard; name = Base; path = Base.lproj/LaunchScreen.storyboard; sourceTree = "<group>"; };
		BDD746EA2155B5F100A2997F /* Info.plist */ = {isa = PBXFileReference; lastKnownFileType = text.plist.xml; path = Info.plist; sourceTree = "<group>"; };
		BDD746EF2155B5F100A2997F /* ParseChatTests.xctest */ = {isa = PBXFileReference; explicitFileType = wrapper.cfbundle; includeInIndex = 0; path = ParseChatTests.xctest; sourceTree = BUILT_PRODUCTS_DIR; };
		BDD746F32155B5F100A2997F /* ParseChatTests.swift */ = {isa = PBXFileReference; lastKnownFileType = sourcecode.swift; path = ParseChatTests.swift; sourceTree = "<group>"; };
		BDD746F52155B5F100A2997F /* Info.plist */ = {isa = PBXFileReference; lastKnownFileType = text.plist.xml; path = Info.plist; sourceTree = "<group>"; };
		BDD746FA2155B5F100A2997F /* ParseChatUITests.xctest */ = {isa = PBXFileReference; explicitFileType = wrapper.cfbundle; includeInIndex = 0; path = ParseChatUITests.xctest; sourceTree = BUILT_PRODUCTS_DIR; };
		BDD746FE2155B5F100A2997F /* ParseChatUITests.swift */ = {isa = PBXFileReference; lastKnownFileType = sourcecode.swift; path = ParseChatUITests.swift; sourceTree = "<group>"; };
		BDD747002155B5F100A2997F /* Info.plist */ = {isa = PBXFileReference; lastKnownFileType = text.plist.xml; path = Info.plist; sourceTree = "<group>"; };
/* End PBXFileReference section */

/* Begin PBXFrameworksBuildPhase section */
		BDD746D82155B5F100A2997F /* Frameworks */ = {
			isa = PBXFrameworksBuildPhase;
			buildActionMask = 2147483647;
			files = (
			);
			runOnlyForDeploymentPostprocessing = 0;
		};
		BDD746EC2155B5F100A2997F /* Frameworks */ = {
			isa = PBXFrameworksBuildPhase;
			buildActionMask = 2147483647;
			files = (
			);
			runOnlyForDeploymentPostprocessing = 0;
		};
		BDD746F72155B5F100A2997F /* Frameworks */ = {
			isa = PBXFrameworksBuildPhase;
			buildActionMask = 2147483647;
			files = (
			);
			runOnlyForDeploymentPostprocessing = 0;
		};
/* End PBXFrameworksBuildPhase section */

/* Begin PBXGroup section */
		BDD746D22155B5F100A2997F = {
			isa = PBXGroup;
			children = (
				BDD746DD2155B5F100A2997F /* ParseChat */,
				BDD746F22155B5F100A2997F /* ParseChatTests */,
				BDD746FD2155B5F100A2997F /* ParseChatUITests */,
				BDD746DC2155B5F100A2997F /* Products */,
			);
			sourceTree = "<group>";
		};
		BDD746DC2155B5F100A2997F /* Products */ = {
			isa = PBXGroup;
			children = (
				BDD746DB2155B5F100A2997F /* ParseChat.app */,
				BDD746EF2155B5F100A2997F /* ParseChatTests.xctest */,
				BDD746FA2155B5F100A2997F /* ParseChatUITests.xctest */,
			);
			name = Products;
			sourceTree = "<group>";
		};
		BDD746DD2155B5F100A2997F /* ParseChat */ = {
			isa = PBXGroup;
			children = (
				BDD746DE2155B5F100A2997F /* AppDelegate.swift */,
				BDD746E02155B5F100A2997F /* ViewController.swift */,
				BDD746E22155B5F100A2997F /* Main.storyboard */,
				BDD746E52155B5F100A2997F /* Assets.xcassets */,
				BDD746E72155B5F100A2997F /* LaunchScreen.storyboard */,
				BDD746EA2155B5F100A2997F /* Info.plist */,
			);
			path = ParseChat;
			sourceTree = "<group>";
		};
		BDD746F22155B5F100A2997F /* ParseChatTests */ = {
			isa = PBXGroup;
			children = (
				BDD746F32155B5F100A2997F /* ParseChatTests.swift */,
				BDD746F52155B5F100A2997F /* Info.plist */,
			);
			path = ParseChatTests;
			sourceTree = "<group>";
		};
		BDD746FD2155B5F100A2997F /* ParseChatUITests */ = {
			isa = PBXGroup;
			children = (
				BDD746FE2155B5F100A2997F /* ParseChatUITests.swift */,
				BDD747002155B5F100A2997F /* Info.plist */,
			);
			path = ParseChatUITests;
			sourceTree = "<group>";
		};
/* End PBXGroup section */

/* Begin PBXNativeTarget section */
		BDD746DA2155B5F100A2997F /* ParseChat */ = {
			isa = PBXNativeTarget;
			buildConfigurationList = BDD747032155B5F100A2997F /* Build configuration list for PBXNativeTarget "ParseChat" */;
			buildPhases = (
				BDD746D72155B5F100A2997F /* Sources */,
				BDD746D82155B5F100A2997F /* Frameworks */,
				BDD746D92155B5F100A2997F /* Resources */,
			);
			buildRules = (
			);
			dependencies = (
			);
			name = ParseChat;
			productName = ParseChat;
			productReference = BDD746DB2155B5F100A2997F /* ParseChat.app */;
			productType = "com.apple.product-type.application";
		};
		BDD746EE2155B5F100A2997F /* ParseChatTests */ = {
			isa = PBXNativeTarget;
			buildConfigurationList = BDD747062155B5F100A2997F /* Build configuration list for PBXNativeTarget "ParseChatTests" */;
			buildPhases = (
				BDD746EB2155B5F100A2997F /* Sources */,
				BDD746EC2155B5F100A2997F /* Frameworks */,
				BDD746ED2155B5F100A2997F /* Resources */,
			);
			buildRules = (
			);
			dependencies = (
				BDD746F12155B5F100A2997F /* PBXTargetDependency */,
			);
			name = ParseChatTests;
			productName = ParseChatTests;
			productReference = BDD746EF2155B5F100A2997F /* ParseChatTests.xctest */;
			productType = "com.apple.product-type.bundle.unit-test";
		};
		BDD746F92155B5F100A2997F /* ParseChatUITests */ = {
			isa = PBXNativeTarget;
			buildConfigurationList = BDD747092155B5F100A2997F /* Build configuration list for PBXNativeTarget "ParseChatUITests" */;
			buildPhases = (
				BDD746F62155B5F100A2997F /* Sources */,
				BDD746F72155B5F100A2997F /* Frameworks */,
				BDD746F82155B5F100A2997F /* Resources */,
			);
			buildRules = (
			);
			dependencies = (
				BDD746FC2155B5F100A2997F /* PBXTargetDependency */,
			);
			name = ParseChatUITests;
			productName = ParseChatUITests;
			productReference = BDD746FA2155B5F100A2997F /* ParseChatUITests.xctest */;
			productType = "com.apple.product-type.bundle.ui-testing";
		};
/* End PBXNativeTarget section */

/* Begin PBXProject section */
		BDD746D32155B5F100A2997F /* Project object */ = {
			isa = PBXProject;
			attributes = {
				LastSwiftUpdateCheck = 0910;
				LastUpgradeCheck = 0910;
				ORGANIZATIONNAME = "Hamsika Pongubala";
				TargetAttributes = {
					BDD746DA2155B5F100A2997F = {
						CreatedOnToolsVersion = 9.1;
						ProvisioningStyle = Automatic;
					};
					BDD746EE2155B5F100A2997F = {
						CreatedOnToolsVersion = 9.1;
						ProvisioningStyle = Automatic;
						TestTargetID = BDD746DA2155B5F100A2997F;
					};
					BDD746F92155B5F100A2997F = {
						CreatedOnToolsVersion = 9.1;
						ProvisioningStyle = Automatic;
						TestTargetID = BDD746DA2155B5F100A2997F;
					};
				};
			};
			buildConfigurationList = BDD746D62155B5F100A2997F /* Build configuration list for PBXProject "ParseChat" */;
			compatibilityVersion = "Xcode 8.0";
			developmentRegion = en;
			hasScannedForEncodings = 0;
			knownRegions = (
				en,
				Base,
			);
			mainGroup = BDD746D22155B5F100A2997F;
			productRefGroup = BDD746DC2155B5F100A2997F /* Products */;
			projectDirPath = "";
			projectRoot = "";
			targets = (
				BDD746DA2155B5F100A2997F /* ParseChat */,
				BDD746EE2155B5F100A2997F /* ParseChatTests */,
				BDD746F92155B5F100A2997F /* ParseChatUITests */,
			);
		};
/* End PBXProject section */

/* Begin PBXResourcesBuildPhase section */
		BDD746D92155B5F100A2997F /* Resources */ = {
			isa = PBXResourcesBuildPhase;
			buildActionMask = 2147483647;
			files = (
				BDD746E92155B5F100A2997F /* LaunchScreen.storyboard in Resources */,
				BDD746E62155B5F100A2997F /* Assets.xcassets in Resources */,
				BDD746E42155B5F100A2997F /* Main.storyboard in Resources */,
			);
			runOnlyForDeploymentPostprocessing = 0;
		};
		BDD746ED2155B5F100A2997F /* Resources */ = {
			isa = PBXResourcesBuildPhase;
			buildActionMask = 2147483647;
			files = (
			);
			runOnlyForDeploymentPostprocessing = 0;
		};
		BDD746F82155B5F100A2997F /* Resources */ = {
			isa = PBXResourcesBuildPhase;
			buildActionMask = 2147483647;
			files = (
			);
			runOnlyForDeploymentPostprocessing = 0;
		};
/* End PBXResourcesBuildPhase section */

/* Begin PBXSourcesBuildPhase section */
		BDD746D72155B5F100A2997F /* Sources */ = {
			isa = PBXSourcesBuildPhase;
			buildActionMask = 2147483647;
			files = (
				BDD746E12155B5F100A2997F /* ViewController.swift in Sources */,
				BDD746DF2155B5F100A2997F /* AppDelegate.swift in Sources */,
			);
			runOnlyForDeploymentPostprocessing = 0;
		};
		BDD746EB2155B5F100A2997F /* Sources */ = {
			isa = PBXSourcesBuildPhase;
			buildActionMask = 2147483647;
			files = (
				BDD746F42155B5F100A2997F /* ParseChatTests.swift in Sources */,
			);
			runOnlyForDeploymentPostprocessing = 0;
		};
		BDD746F62155B5F100A2997F /* Sources */ = {
			isa = PBXSourcesBuildPhase;
			buildActionMask = 2147483647;
			files = (
				BDD746FF2155B5F100A2997F /* ParseChatUITests.swift in Sources */,
			);
			runOnlyForDeploymentPostprocessing = 0;
		};
/* End PBXSourcesBuildPhase section */

/* Begin PBXTargetDependency section */
		BDD746F12155B5F100A2997F /* PBXTargetDependency */ = {
			isa = PBXTargetDependency;
			target = BDD746DA2155B5F100A2997F /* ParseChat */;
			targetProxy = BDD746F02155B5F100A2997F /* PBXContainerItemProxy */;
		};
		BDD746FC2155B5F100A2997F /* PBXTargetDependency */ = {
			isa = PBXTargetDependency;
			target = BDD746DA2155B5F100A2997F /* ParseChat */;
			targetProxy = BDD746FB2155B5F100A2997F /* PBXContainerItemProxy */;
		};
/* End PBXTargetDependency section */

/* Begin PBXVariantGroup section */
		BDD746E22155B5F100A2997F /* Main.storyboard */ = {
			isa = PBXVariantGroup;
			children = (
				BDD746E32155B5F100A2997F /* Base */,
			);
			name = Main.storyboard;
			sourceTree = "<group>";
		};
		BDD746E72155B5F100A2997F /* LaunchScreen.storyboard */ = {
			isa = PBXVariantGroup;
			children = (
				BDD746E82155B5F100A2997F /* Base */,
			);
			name = LaunchScreen.storyboard;
			sourceTree = "<group>";
		};
/* End PBXVariantGroup section */

/* Begin XCBuildConfiguration section */
		BDD747012155B5F100A2997F /* Debug */ = {
			isa = XCBuildConfiguration;
			buildSettings = {
				ALWAYS_SEARCH_USER_PATHS = NO;
				CLANG_ANALYZER_NONNULL = YES;
				CLANG_ANALYZER_NUMBER_OBJECT_CONVERSION = YES_AGGRESSIVE;
				CLANG_CXX_LANGUAGE_STANDARD = "gnu++14";
				CLANG_CXX_LIBRARY = "libc++";
				CLANG_ENABLE_MODULES = YES;
				CLANG_ENABLE_OBJC_ARC = YES;
				CLANG_WARN_BLOCK_CAPTURE_AUTORELEASING = YES;
				CLANG_WARN_BOOL_CONVERSION = YES;
				CLANG_WARN_COMMA = YES;
				CLANG_WARN_CONSTANT_CONVERSION = YES;
				CLANG_WARN_DIRECT_OBJC_ISA_USAGE = YES_ERROR;
				CLANG_WARN_DOCUMENTATION_COMMENTS = YES;
				CLANG_WARN_EMPTY_BODY = YES;
				CLANG_WARN_ENUM_CONVERSION = YES;
				CLANG_WARN_INFINITE_RECURSION = YES;
				CLANG_WARN_INT_CONVERSION = YES;
				CLANG_WARN_NON_LITERAL_NULL_CONVERSION = YES;
				CLANG_WARN_OBJC_LITERAL_CONVERSION = YES;
				CLANG_WARN_OBJC_ROOT_CLASS = YES_ERROR;
				CLANG_WARN_RANGE_LOOP_ANALYSIS = YES;
				CLANG_WARN_STRICT_PROTOTYPES = YES;
				CLANG_WARN_SUSPICIOUS_MOVE = YES;
				CLANG_WARN_UNGUARDED_AVAILABILITY = YES_AGGRESSIVE;
				CLANG_WARN_UNREACHABLE_CODE = YES;
				CLANG_WARN__DUPLICATE_METHOD_MATCH = YES;
				CODE_SIGN_IDENTITY = "iPhone Developer";
				COPY_PHASE_STRIP = NO;
				DEBUG_INFORMATION_FORMAT = dwarf;
				ENABLE_STRICT_OBJC_MSGSEND = YES;
				ENABLE_TESTABILITY = YES;
				GCC_C_LANGUAGE_STANDARD = gnu11;
				GCC_DYNAMIC_NO_PIC = NO;
				GCC_NO_COMMON_BLOCKS = YES;
				GCC_OPTIMIZATION_LEVEL = 0;
				GCC_PREPROCESSOR_DEFINITIONS = (
					"DEBUG=1",
					"$(inherited)",
				);
				GCC_WARN_64_TO_32_BIT_CONVERSION = YES;
				GCC_WARN_ABOUT_RETURN_TYPE = YES_ERROR;
				GCC_WARN_UNDECLARED_SELECTOR = YES;
				GCC_WARN_UNINITIALIZED_AUTOS = YES_AGGRESSIVE;
				GCC_WARN_UNUSED_FUNCTION = YES;
				GCC_WARN_UNUSED_VARIABLE = YES;
				IPHONEOS_DEPLOYMENT_TARGET = 11.1;
				MTL_ENABLE_DEBUG_INFO = YES;
				ONLY_ACTIVE_ARCH = YES;
				SDKROOT = iphoneos;
				SWIFT_ACTIVE_COMPILATION_CONDITIONS = DEBUG;
				SWIFT_OPTIMIZATION_LEVEL = "-Onone";
			};
			name = Debug;
		};
		BDD747022155B5F100A2997F /* Release */ = {
			isa = XCBuildConfiguration;
			buildSettings = {
				ALWAYS_SEARCH_USER_PATHS = NO;
				CLANG_ANALYZER_NONNULL = YES;
				CLANG_ANALYZER_NUMBER_OBJECT_CONVERSION = YES_AGGRESSIVE;
				CLANG_CXX_LANGUAGE_STANDARD = "gnu++14";
				CLANG_CXX_LIBRARY = "libc++";
				CLANG_ENABLE_MODULES = YES;
				CLANG_ENABLE_OBJC_ARC = YES;
				CLANG_WARN_BLOCK_CAPTURE_AUTORELEASING = YES;
				CLANG_WARN_BOOL_CONVERSION = YES;
				CLANG_WARN_COMMA = YES;
				CLANG_WARN_CONSTANT_CONVERSION = YES;
				CLANG_WARN_DIRECT_OBJC_ISA_USAGE = YES_ERROR;
				CLANG_WARN_DOCUMENTATION_COMMENTS = YES;
				CLANG_WARN_EMPTY_BODY = YES;
				CLANG_WARN_ENUM_CONVERSION = YES;
				CLANG_WARN_INFINITE_RECURSION = YES;
				CLANG_WARN_INT_CONVERSION = YES;
				CLANG_WARN_NON_LITERAL_NULL_CONVERSION = YES;
				CLANG_WARN_OBJC_LITERAL_CONVERSION = YES;
				CLANG_WARN_OBJC_ROOT_CLASS = YES_ERROR;
				CLANG_WARN_RANGE_LOOP_ANALYSIS = YES;
				CLANG_WARN_STRICT_PROTOTYPES = YES;
				CLANG_WARN_SUSPICIOUS_MOVE = YES;
				CLANG_WARN_UNGUARDED_AVAILABILITY = YES_AGGRESSIVE;
				CLANG_WARN_UNREACHABLE_CODE = YES;
				CLANG_WARN__DUPLICATE_METHOD_MATCH = YES;
				CODE_SIGN_IDENTITY = "iPhone Developer";
				COPY_PHASE_STRIP = NO;
				DEBUG_INFORMATION_FORMAT = "dwarf-with-dsym";
				ENABLE_NS_ASSERTIONS = NO;
				ENABLE_STRICT_OBJC_MSGSEND = YES;
				GCC_C_LANGUAGE_STANDARD = gnu11;
				GCC_NO_COMMON_BLOCKS = YES;
				GCC_WARN_64_TO_32_BIT_CONVERSION = YES;
				GCC_WARN_ABOUT_RETURN_TYPE = YES_ERROR;
				GCC_WARN_UNDECLARED_SELECTOR = YES;
				GCC_WARN_UNINITIALIZED_AUTOS = YES_AGGRESSIVE;
				GCC_WARN_UNUSED_FUNCTION = YES;
				GCC_WARN_UNUSED_VARIABLE = YES;
				IPHONEOS_DEPLOYMENT_TARGET = 11.1;
				MTL_ENABLE_DEBUG_INFO = NO;
				SDKROOT = iphoneos;
				SWIFT_OPTIMIZATION_LEVEL = "-Owholemodule";
				VALIDATE_PRODUCT = YES;
			};
			name = Release;
		};
		BDD747042155B5F100A2997F /* Debug */ = {
			isa = XCBuildConfiguration;
			buildSettings = {
				ASSETCATALOG_COMPILER_APPICON_NAME = AppIcon;
				CODE_SIGN_STYLE = Automatic;
				INFOPLIST_FILE = ParseChat/Info.plist;
				LD_RUNPATH_SEARCH_PATHS = "$(inherited) @executable_path/Frameworks";
				PRODUCT_BUNDLE_IDENTIFIER = com.Hamsika.ParseChat;
				PRODUCT_NAME = "$(TARGET_NAME)";
				SWIFT_VERSION = 4.0;
				TARGETED_DEVICE_FAMILY = "1,2";
			};
			name = Debug;
		};
		BDD747052155B5F100A2997F /* Release */ = {
			isa = XCBuildConfiguration;
			buildSettings = {
				ASSETCATALOG_COMPILER_APPICON_NAME = AppIcon;
				CODE_SIGN_STYLE = Automatic;
				INFOPLIST_FILE = ParseChat/Info.plist;
				LD_RUNPATH_SEARCH_PATHS = "$(inherited) @executable_path/Frameworks";
				PRODUCT_BUNDLE_IDENTIFIER = com.Hamsika.ParseChat;
				PRODUCT_NAME = "$(TARGET_NAME)";
				SWIFT_VERSION = 4.0;
				TARGETED_DEVICE_FAMILY = "1,2";
			};
			name = Release;
		};
		BDD747072155B5F100A2997F /* Debug */ = {
			isa = XCBuildConfiguration;
			buildSettings = {
				ALWAYS_EMBED_SWIFT_STANDARD_LIBRARIES = YES;
				BUNDLE_LOADER = "$(TEST_HOST)";
				CODE_SIGN_STYLE = Automatic;
				INFOPLIST_FILE = ParseChatTests/Info.plist;
				LD_RUNPATH_SEARCH_PATHS = "$(inherited) @executable_path/Frameworks @loader_path/Frameworks";
				PRODUCT_BUNDLE_IDENTIFIER = com.Hamsika.ParseChatTests;
				PRODUCT_NAME = "$(TARGET_NAME)";
				SWIFT_VERSION = 4.0;
				TARGETED_DEVICE_FAMILY = "1,2";
				TEST_HOST = "$(BUILT_PRODUCTS_DIR)/ParseChat.app/ParseChat";
			};
			name = Debug;
		};
		BDD747082155B5F100A2997F /* Release */ = {
			isa = XCBuildConfiguration;
			buildSettings = {
				ALWAYS_EMBED_SWIFT_STANDARD_LIBRARIES = YES;
				BUNDLE_LOADER = "$(TEST_HOST)";
				CODE_SIGN_STYLE = Automatic;
				INFOPLIST_FILE = ParseChatTests/Info.plist;
				LD_RUNPATH_SEARCH_PATHS = "$(inherited) @executable_path/Frameworks @loader_path/Frameworks";
				PRODUCT_BUNDLE_IDENTIFIER = com.Hamsika.ParseChatTests;
				PRODUCT_NAME = "$(TARGET_NAME)";
				SWIFT_VERSION = 4.0;
				TARGETED_DEVICE_FAMILY = "1,2";
				TEST_HOST = "$(BUILT_PRODUCTS_DIR)/ParseChat.app/ParseChat";
			};
			name = Release;
		};
		BDD7470A2155B5F100A2997F /* Debug */ = {
			isa = XCBuildConfiguration;
			buildSettings = {
				ALWAYS_EMBED_SWIFT_STANDARD_LIBRARIES = YES;
				CODE_SIGN_STYLE = Automatic;
				INFOPLIST_FILE = ParseChatUITests/Info.plist;
				LD_RUNPATH_SEARCH_PATHS = "$(inherited) @executable_path/Frameworks @loader_path/Frameworks";
				PRODUCT_BUNDLE_IDENTIFIER = com.Hamsika.ParseChatUITests;
				PRODUCT_NAME = "$(TARGET_NAME)";
				SWIFT_VERSION = 4.0;
				TARGETED_DEVICE_FAMILY = "1,2";
				TEST_TARGET_NAME = ParseChat;
			};
			name = Debug;
		};
		BDD7470B2155B5F100A2997F /* Release */ = {
			isa = XCBuildConfiguration;
			buildSettings = {
				ALWAYS_EMBED_SWIFT_STANDARD_LIBRARIES = YES;
				CODE_SIGN_STYLE = Automatic;
				INFOPLIST_FILE = ParseChatUITests/Info.plist;
				LD_RUNPATH_SEARCH_PATHS = "$(inherited) @executable_path/Frameworks @loader_path/Frameworks";
				PRODUCT_BUNDLE_IDENTIFIER = com.Hamsika.ParseChatUITests;
				PRODUCT_NAME = "$(TARGET_NAME)";
				SWIFT_VERSION = 4.0;
				TARGETED_DEVICE_FAMILY = "1,2";
				TEST_TARGET_NAME = ParseChat;
			};
			name = Release;
		};
/* End XCBuildConfiguration section */

/* Begin XCConfigurationList section */
		BDD746D62155B5F100A2997F /* Build configuration list for PBXProject "ParseChat" */ = {
			isa = XCConfigurationList;
			buildConfigurations = (
				BDD747012155B5F100A2997F /* Debug */,
				BDD747022155B5F100A2997F /* Release */,
			);
			defaultConfigurationIsVisible = 0;
			defaultConfigurationName = Release;
		};
		BDD747032155B5F100A2997F /* Build configuration list for PBXNativeTarget "ParseChat" */ = {
			isa = XCConfigurationList;
			buildConfigurations = (
				BDD747042155B5F100A2997F /* Debug */,
				BDD747052155B5F100A2997F /* Release */,
			);
			defaultConfigurationIsVisible = 0;
			defaultConfigurationName = Release;
		};
		BDD747062155B5F100A2997F /* Build configuration list for PBXNativeTarget "ParseChatTests" */ = {
			isa = XCConfigurationList;
			buildConfigurations = (
				BDD747072155B5F100A2997F /* Debug */,
				BDD747082155B5F100A2997F /* Release */,
			);
			defaultConfigurationIsVisible = 0;
			defaultConfigurationName = Release;
		};
		BDD747092155B5F100A2997F /* Build configuration list for PBXNativeTarget "ParseChatUITests" */ = {
			isa = XCConfigurationList;
			buildConfigurations = (
				BDD7470A2155B5F100A2997F /* Debug */,
				BDD7470B2155B5F100A2997F /* Release */,
			);
			defaultConfigurationIsVisible = 0;
			defaultConfigurationName = Release;
		};
/* End XCConfigurationList section */
	};
	rootObject = BDD746D32155B5F100A2997F /* Project object */;
}
